
Microsoft Visual Studio Solution File, Format Version 12.00
# Visual Studio Version 16
VisualStudioVersion = 16.0.30204.135
MinimumVisualStudioVersion = 10.0.40219.1
Project("{FAE04EC0-301F-11D3-BF4B-00C04F79EFBC}") = "ProgettoCinema", "ProgettoCinema\ProgettoCinema.csproj", "{7C0F3392-1588-4064-987B-39338D4CDB6B}"
EndProject
Project("{FAE04EC0-301F-11D3-BF4B-00C04F79EFBC}") = "Libreria.ProgettoCinema", "Libreria.ProgettoCinema\Libreria.ProgettoCinema.csproj", "{2926F651-7F9C-480E-9513-82B6788C65AF}"
EndProject
Project("{FAE04EC0-301F-11D3-BF4B-00C04F79EFBC}") = "ConsoleDiProva", "ConsoleDiProva\ConsoleDiProva.csproj", "{17DB57EB-ADCB-43DB-BE2E-05506A8C7300}"
EndProject
Global
	GlobalSection(SolutionConfigurationPlatforms) = preSolution
		Debug|Any CPU = Debug|Any CPU
		Release|Any CPU = Release|Any CPU
	EndGlobalSection
	GlobalSection(ProjectConfigurationPlatforms) = postSolution
		{7C0F3392-1588-4064-987B-39338D4CDB6B}.Debug|Any CPU.ActiveCfg = Debug|Any CPU
		{7C0F3392-1588-4064-987B-39338D4CDB6B}.Debug|Any CPU.Build.0 = Debug|Any CPU
		{7C0F3392-1588-4064-987B-39338D4CDB6B}.Release|Any CPU.ActiveCfg = Release|Any CPU
		{7C0F3392-1588-4064-987B-39338D4CDB6B}.Release|Any CPU.Build.0 = Release|Any CPU
		{2926F651-7F9C-480E-9513-82B6788C65AF}.Debug|Any CPU.ActiveCfg = Debug|Any CPU
		{2926F651-7F9C-480E-9513-82B6788C65AF}.Debug|Any CPU.Build.0 = Debug|Any CPU
		{2926F651-7F9C-480E-9513-82B6788C65AF}.Release|Any CPU.ActiveCfg = Release|Any CPU
		{2926F651-7F9C-480E-9513-82B6788C65AF}.Release|Any CPU.Build.0 = Release|Any CPU
		{17DB57EB-ADCB-43DB-BE2E-05506A8C7300}.Debug|Any CPU.ActiveCfg = Debug|Any CPU
		{17DB57EB-ADCB-43DB-BE2E-05506A8C7300}.Debug|Any CPU.Build.0 = Debug|Any CPU
		{17DB57EB-ADCB-43DB-BE2E-05506A8C7300}.Release|Any CPU.ActiveCfg = Release|Any CPU
		{17DB57EB-ADCB-43DB-BE2E-05506A8C7300}.Release|Any CPU.Build.0 = Release|Any CPU
	EndGlobalSection
	GlobalSection(SolutionProperties) = preSolution
		HideSolutionNode = FALSE
	EndGlobalSection
	GlobalSection(ExtensibilityGlobals) = postSolution
		SolutionGuid = {AEC972DA-89A0-4936-A1E1-824911D7EEFF}
	EndGlobalSection
EndGlobal
